
Microsoft Visual Studio Solution File, Format Version 12.00
# Visual Studio Version 17
VisualStudioVersion = 17.4.33122.133
MinimumVisualStudioVersion = 10.0.40219.1
Project("{FAE04EC0-301F-11D3-BF4B-00C04F79EFBC}") = "TeardownMultiplayerLauncher", "TeardownMultiplayerLauncher\TeardownMultiplayerLauncher.csproj", "{898322DD-D26A-47CC-9449-7D01AB487D37}"
EndProject
Global
	GlobalSection(SolutionConfigurationPlatforms) = preSolution
		Debug|x64 = Debug|x64
		Release|x64 = Release|x64
	EndGlobalSection
	GlobalSection(ProjectConfigurationPlatforms) = postSolution
		{898322DD-D26A-47CC-9449-7D01AB487D37}.Debug|x64.ActiveCfg = Debug|x64
		{898322DD-D26A-47CC-9449-7D01AB487D37}.Debug|x64.Build.0 = Debug|x64
		{898322DD-D26A-47CC-9449-7D01AB487D37}.Release|x64.ActiveCfg = Release|x64
		{898322DD-D26A-47CC-9449-7D01AB487D37}.Release|x64.Build.0 = Release|x64
	EndGlobalSection
	GlobalSection(SolutionProperties) = preSolution
		HideSolutionNode = FALSE
	EndGlobalSection
	GlobalSection(ExtensibilityGlobals) = postSolution
		SolutionGuid = {E515DB98-FEB0-438A-8A77-1FDBC33966C4}
	EndGlobalSection
EndGlobal
